// !$*UTF8*$!
{
	archiveVersion = 1;
	classes = {
	};
	objectVersion = 46;
	objects = {

/* Begin PBXBuildFile section */
		8770AAC71D31BF4A001862D3 /* SignInViewController.swift in Sources */ = {isa = PBXBuildFile; fileRef = 8770AAC61D31BF4A001862D3 /* SignInViewController.swift */; };
		8770AAC91D31C9A5001862D3 /* Utils.swift in Sources */ = {isa = PBXBuildFile; fileRef = 8770AAC81D31C9A5001862D3 /* Utils.swift */; };
		8770AACB1D31CBE9001862D3 /* AppDelegate.swift in Sources */ = {isa = PBXBuildFile; fileRef = 8770AACA1D31CBE9001862D3 /* AppDelegate.swift */; };
		8770AACF1D31DBE2001862D3 /* ContentTypeViewController.swift in Sources */ = {isa = PBXBuildFile; fileRef = 8770AACE1D31DBE2001862D3 /* ContentTypeViewController.swift */; };
		8770AAD11D31DED7001862D3 /* ImagePickerViewController.swift in Sources */ = {isa = PBXBuildFile; fileRef = 8770AAD01D31DED7001862D3 /* ImagePickerViewController.swift */; };
		87C2126C1BEA530800A01EF7 /* test.zip in Resources */ = {isa = PBXBuildFile; fileRef = 87C2126B1BEA530800A01EF7 /* test.zip */; };
		87C9E1681BDC152D002A30F5 /* SG_SplitscreenBG.png in Resources */ = {isa = PBXBuildFile; fileRef = 87C9E1671BDC152D002A30F5 /* SG_SplitscreenBG.png */; };
		87C9E1721BDC3888002A30F5 /* SG_BottomBar.png in Resources */ = {isa = PBXBuildFile; fileRef = 87C9E1701BDC3888002A30F5 /* SG_BottomBar.png */; };
		87C9E1731BDC3888002A30F5 /* SG_TopBar.png in Resources */ = {isa = PBXBuildFile; fileRef = 87C9E1711BDC3888002A30F5 /* SG_TopBar.png */; };
		87C9E1841BDC913B002A30F5 /* ioapi.c in Sources */ = {isa = PBXBuildFile; fileRef = 87C9E17A1BDC913A002A30F5 /* ioapi.c */; };
		87C9E1851BDC913B002A30F5 /* mztools.c in Sources */ = {isa = PBXBuildFile; fileRef = 87C9E17C1BDC913A002A30F5 /* mztools.c */; };
		87C9E1861BDC913B002A30F5 /* unzip.c in Sources */ = {isa = PBXBuildFile; fileRef = 87C9E17E1BDC913A002A30F5 /* unzip.c */; };
		87C9E1871BDC913B002A30F5 /* zip.c in Sources */ = {isa = PBXBuildFile; fileRef = 87C9E1801BDC913A002A30F5 /* zip.c */; };
		87C9E1881BDC913B002A30F5 /* SSZipArchive.m in Sources */ = {isa = PBXBuildFile; fileRef = 87C9E1831BDC913B002A30F5 /* SSZipArchive.m */; };
		87C9E18A1BDC91F5002A30F5 /* libz.tbd in Frameworks */ = {isa = PBXBuildFile; fileRef = 87C9E1891BDC91F5002A30F5 /* libz.tbd */; };
		87DB477D1D32B12F0074A2B8 /* KeywordPickerViewController.swift in Sources */ = {isa = PBXBuildFile; fileRef = 87DB477C1D32B12F0074A2B8 /* KeywordPickerViewController.swift */; };
		87ED98101BDB9B130070454A /* Main.storyboard in Resources */ = {isa = PBXBuildFile; fileRef = 87ED980E1BDB9B130070454A /* Main.storyboard */; };
		87ED98121BDB9B130070454A /* Assets.xcassets in Resources */ = {isa = PBXBuildFile; fileRef = 87ED98111BDB9B130070454A /* Assets.xcassets */; };
		87ED98151BDB9B130070454A /* LaunchScreen.storyboard in Resources */ = {isa = PBXBuildFile; fileRef = 87ED98131BDB9B130070454A /* LaunchScreen.storyboard */; };
		87ED98201BDB9B130070454A /* songgenTests.m in Sources */ = {isa = PBXBuildFile; fileRef = 87ED981F1BDB9B130070454A /* songgenTests.m */; };
		87ED982B1BDB9B130070454A /* songgenUITests.m in Sources */ = {isa = PBXBuildFile; fileRef = 87ED982A1BDB9B130070454A /* songgenUITests.m */; };
		87ED983C1BDB9B700070454A /* Spotify.framework in Frameworks */ = {isa = PBXBuildFile; fileRef = 87ED983B1BDB9B700070454A /* Spotify.framework */; };
		87ED983E1BDB9B840070454A /* AVFoundation.framework in Frameworks */ = {isa = PBXBuildFile; fileRef = 87ED983D1BDB9B840070454A /* AVFoundation.framework */; };
		87ED98401BDB9B890070454A /* SystemConfiguration.framework in Frameworks */ = {isa = PBXBuildFile; fileRef = 87ED983F1BDB9B890070454A /* SystemConfiguration.framework */; };
		87ED98421BDBAE3F0070454A /* private.plist in Resources */ = {isa = PBXBuildFile; fileRef = 87ED98411BDBAE3F0070454A /* private.plist */; };
/* End PBXBuildFile section */

/* Begin PBXContainerItemProxy section */
		87ED981C1BDB9B130070454A /* PBXContainerItemProxy */ = {
			isa = PBXContainerItemProxy;
			containerPortal = 87ED97FA1BDB9B130070454A /* Project object */;
			proxyType = 1;
			remoteGlobalIDString = 87ED98011BDB9B130070454A;
			remoteInfo = songgen;
		};
		87ED98271BDB9B130070454A /* PBXContainerItemProxy */ = {
			isa = PBXContainerItemProxy;
			containerPortal = 87ED97FA1BDB9B130070454A /* Project object */;
			proxyType = 1;
			remoteGlobalIDString = 87ED98011BDB9B130070454A;
			remoteInfo = songgen;
		};
/* End PBXContainerItemProxy section */

/* Begin PBXFileReference section */
		8770AAC51D31BF4A001862D3 /* songgen-Bridging-Header.h */ = {isa = PBXFileReference; lastKnownFileType = sourcecode.c.h; path = "songgen-Bridging-Header.h"; sourceTree = "<group>"; };
		8770AAC61D31BF4A001862D3 /* SignInViewController.swift */ = {isa = PBXFileReference; fileEncoding = 4; lastKnownFileType = sourcecode.swift; path = SignInViewController.swift; sourceTree = "<group>"; };
		8770AAC81D31C9A5001862D3 /* Utils.swift */ = {isa = PBXFileReference; fileEncoding = 4; lastKnownFileType = sourcecode.swift; path = Utils.swift; sourceTree = "<group>"; };
		8770AACA1D31CBE9001862D3 /* AppDelegate.swift */ = {isa = PBXFileReference; fileEncoding = 4; lastKnownFileType = sourcecode.swift; path = AppDelegate.swift; sourceTree = "<group>"; };
		8770AACE1D31DBE2001862D3 /* ContentTypeViewController.swift */ = {isa = PBXFileReference; fileEncoding = 4; lastKnownFileType = sourcecode.swift; path = ContentTypeViewController.swift; sourceTree = "<group>"; };
		8770AAD01D31DED7001862D3 /* ImagePickerViewController.swift */ = {isa = PBXFileReference; fileEncoding = 4; lastKnownFileType = sourcecode.swift; path = ImagePickerViewController.swift; sourceTree = "<group>"; };
		87C2126B1BEA530800A01EF7 /* test.zip */ = {isa = PBXFileReference; lastKnownFileType = archive.zip; path = test.zip; sourceTree = "<group>"; };
		87C9E1671BDC152D002A30F5 /* SG_SplitscreenBG.png */ = {isa = PBXFileReference; lastKnownFileType = image.png; path = SG_SplitscreenBG.png; sourceTree = "<group>"; };
		87C9E1691BDC1D7C002A30F5 /* ImagePickerViewController.h */ = {isa = PBXFileReference; fileEncoding = 4; lastKnownFileType = sourcecode.c.h; path = ImagePickerViewController.h; sourceTree = "<group>"; };
		87C9E16A1BDC1D7C002A30F5 /* ImagePickerViewController.m */ = {isa = PBXFileReference; fileEncoding = 4; lastKnownFileType = sourcecode.c.objc; path = ImagePickerViewController.m; sourceTree = "<group>"; };
		87C9E16D1BDC1F9D002A30F5 /* KeywordPickerViewController.h */ = {isa = PBXFileReference; fileEncoding = 4; lastKnownFileType = sourcecode.c.h; path = KeywordPickerViewController.h; sourceTree = "<group>"; };
		87C9E16E1BDC1F9D002A30F5 /* KeywordPickerViewController.m */ = {isa = PBXFileReference; fileEncoding = 4; lastKnownFileType = sourcecode.c.objc; path = KeywordPickerViewController.m; sourceTree = "<group>"; };
		87C9E1701BDC3888002A30F5 /* SG_BottomBar.png */ = {isa = PBXFileReference; lastKnownFileType = image.png; path = SG_BottomBar.png; sourceTree = "<group>"; };
		87C9E1711BDC3888002A30F5 /* SG_TopBar.png */ = {isa = PBXFileReference; lastKnownFileType = image.png; path = SG_TopBar.png; sourceTree = "<group>"; };
		87C9E1771BDC913A002A30F5 /* Common.h */ = {isa = PBXFileReference; fileEncoding = 4; lastKnownFileType = sourcecode.c.h; path = Common.h; sourceTree = "<group>"; };
		87C9E1791BDC913A002A30F5 /* crypt.h */ = {isa = PBXFileReference; fileEncoding = 4; lastKnownFileType = sourcecode.c.h; path = crypt.h; sourceTree = "<group>"; };
		87C9E17A1BDC913A002A30F5 /* ioapi.c */ = {isa = PBXFileReference; fileEncoding = 4; lastKnownFileType = sourcecode.c.c; path = ioapi.c; sourceTree = "<group>"; };
		87C9E17B1BDC913A002A30F5 /* ioapi.h */ = {isa = PBXFileReference; fileEncoding = 4; lastKnownFileType = sourcecode.c.h; path = ioapi.h; sourceTree = "<group>"; };
		87C9E17C1BDC913A002A30F5 /* mztools.c */ = {isa = PBXFileReference; fileEncoding = 4; lastKnownFileType = sourcecode.c.c; path = mztools.c; sourceTree = "<group>"; };
		87C9E17D1BDC913A002A30F5 /* mztools.h */ = {isa = PBXFileReference; fileEncoding = 4; lastKnownFileType = sourcecode.c.h; path = mztools.h; sourceTree = "<group>"; };
		87C9E17E1BDC913A002A30F5 /* unzip.c */ = {isa = PBXFileReference; fileEncoding = 4; lastKnownFileType = sourcecode.c.c; path = unzip.c; sourceTree = "<group>"; };
		87C9E17F1BDC913A002A30F5 /* unzip.h */ = {isa = PBXFileReference; fileEncoding = 4; lastKnownFileType = sourcecode.c.h; path = unzip.h; sourceTree = "<group>"; };
		87C9E1801BDC913A002A30F5 /* zip.c */ = {isa = PBXFileReference; fileEncoding = 4; lastKnownFileType = sourcecode.c.c; path = zip.c; sourceTree = "<group>"; };
		87C9E1811BDC913A002A30F5 /* zip.h */ = {isa = PBXFileReference; fileEncoding = 4; lastKnownFileType = sourcecode.c.h; path = zip.h; sourceTree = "<group>"; };
		87C9E1821BDC913B002A30F5 /* SSZipArchive.h */ = {isa = PBXFileReference; fileEncoding = 4; lastKnownFileType = sourcecode.c.h; path = SSZipArchive.h; sourceTree = "<group>"; };
		87C9E1831BDC913B002A30F5 /* SSZipArchive.m */ = {isa = PBXFileReference; fileEncoding = 4; lastKnownFileType = sourcecode.c.objc; path = SSZipArchive.m; sourceTree = "<group>"; };
		87C9E1891BDC91F5002A30F5 /* libz.tbd */ = {isa = PBXFileReference; lastKnownFileType = "sourcecode.text-based-dylib-definition"; name = libz.tbd; path = usr/lib/libz.tbd; sourceTree = SDKROOT; };
		87DB477C1D32B12F0074A2B8 /* KeywordPickerViewController.swift */ = {isa = PBXFileReference; fileEncoding = 4; lastKnownFileType = sourcecode.swift; path = KeywordPickerViewController.swift; sourceTree = "<group>"; };
		87ED98021BDB9B130070454A /* songgen.app */ = {isa = PBXFileReference; explicitFileType = wrapper.application; includeInIndex = 0; path = songgen.app; sourceTree = BUILT_PRODUCTS_DIR; };
		87ED980F1BDB9B130070454A /* Base */ = {isa = PBXFileReference; lastKnownFileType = file.storyboard; name = Base; path = Base.lproj/Main.storyboard; sourceTree = "<group>"; };
		87ED98111BDB9B130070454A /* Assets.xcassets */ = {isa = PBXFileReference; lastKnownFileType = folder.assetcatalog; path = Assets.xcassets; sourceTree = "<group>"; };
		87ED98141BDB9B130070454A /* Base */ = {isa = PBXFileReference; lastKnownFileType = file.storyboard; name = Base; path = Base.lproj/LaunchScreen.storyboard; sourceTree = "<group>"; };
		87ED98161BDB9B130070454A /* Info.plist */ = {isa = PBXFileReference; lastKnownFileType = text.plist.xml; path = Info.plist; sourceTree = "<group>"; };
		87ED981B1BDB9B130070454A /* songgenTests.xctest */ = {isa = PBXFileReference; explicitFileType = wrapper.cfbundle; includeInIndex = 0; path = songgenTests.xctest; sourceTree = BUILT_PRODUCTS_DIR; };
		87ED981F1BDB9B130070454A /* songgenTests.m */ = {isa = PBXFileReference; lastKnownFileType = sourcecode.c.objc; path = songgenTests.m; sourceTree = "<group>"; };
		87ED98211BDB9B130070454A /* Info.plist */ = {isa = PBXFileReference; lastKnownFileType = text.plist.xml; path = Info.plist; sourceTree = "<group>"; };
		87ED98261BDB9B130070454A /* songgenUITests.xctest */ = {isa = PBXFileReference; explicitFileType = wrapper.cfbundle; includeInIndex = 0; path = songgenUITests.xctest; sourceTree = BUILT_PRODUCTS_DIR; };
		87ED982A1BDB9B130070454A /* songgenUITests.m */ = {isa = PBXFileReference; lastKnownFileType = sourcecode.c.objc; path = songgenUITests.m; sourceTree = "<group>"; };
		87ED982C1BDB9B130070454A /* Info.plist */ = {isa = PBXFileReference; lastKnownFileType = text.plist.xml; path = Info.plist; sourceTree = "<group>"; };
		87ED983B1BDB9B700070454A /* Spotify.framework */ = {isa = PBXFileReference; lastKnownFileType = wrapper.framework; path = Spotify.framework; sourceTree = "<group>"; };
		87ED983D1BDB9B840070454A /* AVFoundation.framework */ = {isa = PBXFileReference; lastKnownFileType = wrapper.framework; name = AVFoundation.framework; path = System/Library/Frameworks/AVFoundation.framework; sourceTree = SDKROOT; };
		87ED983F1BDB9B890070454A /* SystemConfiguration.framework */ = {isa = PBXFileReference; lastKnownFileType = wrapper.framework; name = SystemConfiguration.framework; path = System/Library/Frameworks/SystemConfiguration.framework; sourceTree = SDKROOT; };
		87ED98411BDBAE3F0070454A /* private.plist */ = {isa = PBXFileReference; fileEncoding = 4; lastKnownFileType = text.plist.xml; path = private.plist; sourceTree = "<group>"; };
/* End PBXFileReference section */

/* Begin PBXFrameworksBuildPhase section */
		87ED97FF1BDB9B130070454A /* Frameworks */ = {
			isa = PBXFrameworksBuildPhase;
			buildActionMask = 2147483647;
			files = (
				87C9E18A1BDC91F5002A30F5 /* libz.tbd in Frameworks */,
				87ED98401BDB9B890070454A /* SystemConfiguration.framework in Frameworks */,
				87ED983E1BDB9B840070454A /* AVFoundation.framework in Frameworks */,
				87ED983C1BDB9B700070454A /* Spotify.framework in Frameworks */,
			);
			runOnlyForDeploymentPostprocessing = 0;
		};
		87ED98181BDB9B130070454A /* Frameworks */ = {
			isa = PBXFrameworksBuildPhase;
			buildActionMask = 2147483647;
			files = (
			);
			runOnlyForDeploymentPostprocessing = 0;
		};
		87ED98231BDB9B130070454A /* Frameworks */ = {
			isa = PBXFrameworksBuildPhase;
			buildActionMask = 2147483647;
			files = (
			);
			runOnlyForDeploymentPostprocessing = 0;
		};
/* End PBXFrameworksBuildPhase section */

/* Begin PBXGroup section */
		876737A91BEAD4CA00283725 /* Utils */ = {
			isa = PBXGroup;
			children = (
				8770AAC81D31C9A5001862D3 /* Utils.swift */,
			);
			name = Utils;
			sourceTree = "<group>";
		};
		87C9E1661BDC1509002A30F5 /* img */ = {
			isa = PBXGroup;
			children = (
				87C9E1701BDC3888002A30F5 /* SG_BottomBar.png */,
				87C9E1711BDC3888002A30F5 /* SG_TopBar.png */,
				87C9E1671BDC152D002A30F5 /* SG_SplitscreenBG.png */,
			);
			name = img;
			sourceTree = "<group>";
		};
		87C9E16C1BDC1EBE002A30F5 /* ViewControllers */ = {
			isa = PBXGroup;
			children = (
				87DB477C1D32B12F0074A2B8 /* KeywordPickerViewController.swift */,
				8770AACE1D31DBE2001862D3 /* ContentTypeViewController.swift */,
				8770AAD01D31DED7001862D3 /* ImagePickerViewController.swift */,
				8770AAC61D31BF4A001862D3 /* SignInViewController.swift */,
			);
			name = ViewControllers;
			sourceTree = "<group>";
		};
		87C9E1761BDC913A002A30F5 /* SSZipArchive */ = {
			isa = PBXGroup;
			children = (
				87C9E1771BDC913A002A30F5 /* Common.h */,
				87C9E1781BDC913A002A30F5 /* minizip */,
				87C9E1821BDC913B002A30F5 /* SSZipArchive.h */,
				87C9E1831BDC913B002A30F5 /* SSZipArchive.m */,
			);
			path = SSZipArchive;
			sourceTree = "<group>";
		};
		87C9E1781BDC913A002A30F5 /* minizip */ = {
			isa = PBXGroup;
			children = (
				87C9E1791BDC913A002A30F5 /* crypt.h */,
				87C9E17A1BDC913A002A30F5 /* ioapi.c */,
				87C9E17B1BDC913A002A30F5 /* ioapi.h */,
				87C9E17C1BDC913A002A30F5 /* mztools.c */,
				87C9E17D1BDC913A002A30F5 /* mztools.h */,
				87C9E17E1BDC913A002A30F5 /* unzip.c */,
				87C9E17F1BDC913A002A30F5 /* unzip.h */,
				87C9E1801BDC913A002A30F5 /* zip.c */,
				87C9E1811BDC913A002A30F5 /* zip.h */,
			);
			path = minizip;
			sourceTree = "<group>";
		};
		87C9E1B21BDD0DED002A30F5 /* Resources */ = {
			isa = PBXGroup;
			children = (
				87C2126B1BEA530800A01EF7 /* test.zip */,
			);
			name = Resources;
			sourceTree = "<group>";
		};
		87DB477A1D32247A0074A2B8 /* Old Obj-C Implementation */ = {
			isa = PBXGroup;
			children = (
				87C9E1691BDC1D7C002A30F5 /* ImagePickerViewController.h */,
				87C9E16A1BDC1D7C002A30F5 /* ImagePickerViewController.m */,
				87C9E16D1BDC1F9D002A30F5 /* KeywordPickerViewController.h */,
				87C9E16E1BDC1F9D002A30F5 /* KeywordPickerViewController.m */,
			);
			name = "Old Obj-C Implementation";
			sourceTree = "<group>";
		};
		87ED97F91BDB9B130070454A = {
			isa = PBXGroup;
			children = (
				87C9E1761BDC913A002A30F5 /* SSZipArchive */,
				87ED98381BDB9B1C0070454A /* Frameworks */,
				87ED98041BDB9B130070454A /* songgen */,
				87ED981E1BDB9B130070454A /* songgenTests */,
				87ED98291BDB9B130070454A /* songgenUITests */,
				87ED98031BDB9B130070454A /* Products */,
			);
			sourceTree = "<group>";
		};
		87ED98031BDB9B130070454A /* Products */ = {
			isa = PBXGroup;
			children = (
				87ED98021BDB9B130070454A /* songgen.app */,
				87ED981B1BDB9B130070454A /* songgenTests.xctest */,
				87ED98261BDB9B130070454A /* songgenUITests.xctest */,
			);
			name = Products;
			sourceTree = "<group>";
		};
		87ED98041BDB9B130070454A /* songgen */ = {
			isa = PBXGroup;
			children = (
				876737A91BEAD4CA00283725 /* Utils */,
				87C9E1B21BDD0DED002A30F5 /* Resources */,
				87C9E1661BDC1509002A30F5 /* img */,
				8770AACA1D31CBE9001862D3 /* AppDelegate.swift */,
				87C9E16C1BDC1EBE002A30F5 /* ViewControllers */,
				87ED980E1BDB9B130070454A /* Main.storyboard */,
				87ED98111BDB9B130070454A /* Assets.xcassets */,
				87ED98131BDB9B130070454A /* LaunchScreen.storyboard */,
				87ED98161BDB9B130070454A /* Info.plist */,
				87ED98051BDB9B130070454A /* Supporting Files */,
			);
			path = songgen;
			sourceTree = "<group>";
		};
		87ED98051BDB9B130070454A /* Supporting Files */ = {
			isa = PBXGroup;
			children = (
				87DB477A1D32247A0074A2B8 /* Old Obj-C Implementation */,
				8770AAC51D31BF4A001862D3 /* songgen-Bridging-Header.h */,
				87ED98411BDBAE3F0070454A /* private.plist */,
			);
			name = "Supporting Files";
			sourceTree = "<group>";
		};
		87ED981E1BDB9B130070454A /* songgenTests */ = {
			isa = PBXGroup;
			children = (
				87ED981F1BDB9B130070454A /* songgenTests.m */,
				87ED98211BDB9B130070454A /* Info.plist */,
			);
			path = songgenTests;
			sourceTree = "<group>";
		};
		87ED98291BDB9B130070454A /* songgenUITests */ = {
			isa = PBXGroup;
			children = (
				87ED982A1BDB9B130070454A /* songgenUITests.m */,
				87ED982C1BDB9B130070454A /* Info.plist */,
			);
			path = songgenUITests;
			sourceTree = "<group>";
		};
		87ED98381BDB9B1C0070454A /* Frameworks */ = {
			isa = PBXGroup;
			children = (
				87C9E1891BDC91F5002A30F5 /* libz.tbd */,
				87ED983F1BDB9B890070454A /* SystemConfiguration.framework */,
				87ED983D1BDB9B840070454A /* AVFoundation.framework */,
				87ED983B1BDB9B700070454A /* Spotify.framework */,
			);
			name = Frameworks;
			sourceTree = "<group>";
		};
/* End PBXGroup section */

/* Begin PBXNativeTarget section */
		87ED98011BDB9B130070454A /* songgen */ = {
			isa = PBXNativeTarget;
			buildConfigurationList = 87ED982F1BDB9B130070454A /* Build configuration list for PBXNativeTarget "songgen" */;
			buildPhases = (
				87ED97FE1BDB9B130070454A /* Sources */,
				87ED97FF1BDB9B130070454A /* Frameworks */,
				87ED98001BDB9B130070454A /* Resources */,
			);
			buildRules = (
			);
			dependencies = (
			);
			name = songgen;
			productName = songgen;
			productReference = 87ED98021BDB9B130070454A /* songgen.app */;
			productType = "com.apple.product-type.application";
		};
		87ED981A1BDB9B130070454A /* songgenTests */ = {
			isa = PBXNativeTarget;
			buildConfigurationList = 87ED98321BDB9B130070454A /* Build configuration list for PBXNativeTarget "songgenTests" */;
			buildPhases = (
				87ED98171BDB9B130070454A /* Sources */,
				87ED98181BDB9B130070454A /* Frameworks */,
				87ED98191BDB9B130070454A /* Resources */,
			);
			buildRules = (
			);
			dependencies = (
				87ED981D1BDB9B130070454A /* PBXTargetDependency */,
			);
			name = songgenTests;
			productName = songgenTests;
			productReference = 87ED981B1BDB9B130070454A /* songgenTests.xctest */;
			productType = "com.apple.product-type.bundle.unit-test";
		};
		87ED98251BDB9B130070454A /* songgenUITests */ = {
			isa = PBXNativeTarget;
			buildConfigurationList = 87ED98351BDB9B130070454A /* Build configuration list for PBXNativeTarget "songgenUITests" */;
			buildPhases = (
				87ED98221BDB9B130070454A /* Sources */,
				87ED98231BDB9B130070454A /* Frameworks */,
				87ED98241BDB9B130070454A /* Resources */,
			);
			buildRules = (
			);
			dependencies = (
				87ED98281BDB9B130070454A /* PBXTargetDependency */,
			);
			name = songgenUITests;
			productName = songgenUITests;
			productReference = 87ED98261BDB9B130070454A /* songgenUITests.xctest */;
			productType = "com.apple.product-type.bundle.ui-testing";
		};
/* End PBXNativeTarget section */

/* Begin PBXProject section */
		87ED97FA1BDB9B130070454A /* Project object */ = {
			isa = PBXProject;
			attributes = {
				LastSwiftUpdateCheck = 0730;
				LastUpgradeCheck = 0710;
				ORGANIZATIONNAME = "Nathan Fuller";
				TargetAttributes = {
					87ED98011BDB9B130070454A = {
						CreatedOnToolsVersion = 7.1;
						DevelopmentTeam = A3BDB46LH9;
					};
					87ED981A1BDB9B130070454A = {
						CreatedOnToolsVersion = 7.1;
						TestTargetID = 87ED98011BDB9B130070454A;
					};
					87ED98251BDB9B130070454A = {
						CreatedOnToolsVersion = 7.1;
						TestTargetID = 87ED98011BDB9B130070454A;
					};
				};
			};
			buildConfigurationList = 87ED97FD1BDB9B130070454A /* Build configuration list for PBXProject "songgen" */;
			compatibilityVersion = "Xcode 3.2";
			developmentRegion = English;
			hasScannedForEncodings = 0;
			knownRegions = (
				en,
				Base,
			);
			mainGroup = 87ED97F91BDB9B130070454A;
			productRefGroup = 87ED98031BDB9B130070454A /* Products */;
			projectDirPath = "";
			projectRoot = "";
			targets = (
				87ED98011BDB9B130070454A /* songgen */,
				87ED981A1BDB9B130070454A /* songgenTests */,
				87ED98251BDB9B130070454A /* songgenUITests */,
			);
		};
/* End PBXProject section */

/* Begin PBXResourcesBuildPhase section */
		87ED98001BDB9B130070454A /* Resources */ = {
			isa = PBXResourcesBuildPhase;
			buildActionMask = 2147483647;
			files = (
				87C9E1721BDC3888002A30F5 /* SG_BottomBar.png in Resources */,
				87C2126C1BEA530800A01EF7 /* test.zip in Resources */,
				87C9E1731BDC3888002A30F5 /* SG_TopBar.png in Resources */,
				87ED98421BDBAE3F0070454A /* private.plist in Resources */,
				87ED98151BDB9B130070454A /* LaunchScreen.storyboard in Resources */,
				87C9E1681BDC152D002A30F5 /* SG_SplitscreenBG.png in Resources */,
				87ED98121BDB9B130070454A /* Assets.xcassets in Resources */,
				87ED98101BDB9B130070454A /* Main.storyboard in Resources */,
			);
			runOnlyForDeploymentPostprocessing = 0;
		};
		87ED98191BDB9B130070454A /* Resources */ = {
			isa = PBXResourcesBuildPhase;
			buildActionMask = 2147483647;
			files = (
			);
			runOnlyForDeploymentPostprocessing = 0;
		};
		87ED98241BDB9B130070454A /* Resources */ = {
			isa = PBXResourcesBuildPhase;
			buildActionMask = 2147483647;
			files = (
			);
			runOnlyForDeploymentPostprocessing = 0;
		};
/* End PBXResourcesBuildPhase section */

/* Begin PBXSourcesBuildPhase section */
		87ED97FE1BDB9B130070454A /* Sources */ = {
			isa = PBXSourcesBuildPhase;
			buildActionMask = 2147483647;
			files = (
				8770AACB1D31CBE9001862D3 /* AppDelegate.swift in Sources */,
				87C9E1861BDC913B002A30F5 /* unzip.c in Sources */,
				87C9E1871BDC913B002A30F5 /* zip.c in Sources */,
				87C9E1851BDC913B002A30F5 /* mztools.c in Sources */,
				87DB477D1D32B12F0074A2B8 /* KeywordPickerViewController.swift in Sources */,
				8770AAC71D31BF4A001862D3 /* SignInViewController.swift in Sources */,
				8770AAD11D31DED7001862D3 /* ImagePickerViewController.swift in Sources */,
				8770AACF1D31DBE2001862D3 /* ContentTypeViewController.swift in Sources */,
				87C9E1841BDC913B002A30F5 /* ioapi.c in Sources */,
				8770AAC91D31C9A5001862D3 /* Utils.swift in Sources */,
				87C9E1881BDC913B002A30F5 /* SSZipArchive.m in Sources */,
			);
			runOnlyForDeploymentPostprocessing = 0;
		};
		87ED98171BDB9B130070454A /* Sources */ = {
			isa = PBXSourcesBuildPhase;
			buildActionMask = 2147483647;
			files = (
				87ED98201BDB9B130070454A /* songgenTests.m in Sources */,
			);
			runOnlyForDeploymentPostprocessing = 0;
		};
		87ED98221BDB9B130070454A /* Sources */ = {
			isa = PBXSourcesBuildPhase;
			buildActionMask = 2147483647;
			files = (
				87ED982B1BDB9B130070454A /* songgenUITests.m in Sources */,
			);
			runOnlyForDeploymentPostprocessing = 0;
		};
/* End PBXSourcesBuildPhase section */

/* Begin PBXTargetDependency section */
		87ED981D1BDB9B130070454A /* PBXTargetDependency */ = {
			isa = PBXTargetDependency;
			target = 87ED98011BDB9B130070454A /* songgen */;
			targetProxy = 87ED981C1BDB9B130070454A /* PBXContainerItemProxy */;
		};
		87ED98281BDB9B130070454A /* PBXTargetDependency */ = {
			isa = PBXTargetDependency;
			target = 87ED98011BDB9B130070454A /* songgen */;
			targetProxy = 87ED98271BDB9B130070454A /* PBXContainerItemProxy */;
		};
/* End PBXTargetDependency section */

/* Begin PBXVariantGroup section */
		87ED980E1BDB9B130070454A /* Main.storyboard */ = {
			isa = PBXVariantGroup;
			children = (
				87ED980F1BDB9B130070454A /* Base */,
			);
			name = Main.storyboard;
			sourceTree = "<group>";
		};
		87ED98131BDB9B130070454A /* LaunchScreen.storyboard */ = {
			isa = PBXVariantGroup;
			children = (
				87ED98141BDB9B130070454A /* Base */,
			);
			name = LaunchScreen.storyboard;
			sourceTree = "<group>";
		};
/* End PBXVariantGroup section */

/* Begin XCBuildConfiguration section */
		87ED982D1BDB9B130070454A /* Debug */ = {
			isa = XCBuildConfiguration;
			buildSettings = {
				ALWAYS_SEARCH_USER_PATHS = NO;
				CLANG_CXX_LANGUAGE_STANDARD = "gnu++0x";
				CLANG_CXX_LIBRARY = "libc++";
				CLANG_ENABLE_MODULES = YES;
				CLANG_ENABLE_OBJC_ARC = YES;
				CLANG_WARN_BOOL_CONVERSION = YES;
				CLANG_WARN_CONSTANT_CONVERSION = YES;
				CLANG_WARN_DIRECT_OBJC_ISA_USAGE = YES_ERROR;
				CLANG_WARN_EMPTY_BODY = YES;
				CLANG_WARN_ENUM_CONVERSION = YES;
				CLANG_WARN_INT_CONVERSION = YES;
				CLANG_WARN_OBJC_ROOT_CLASS = YES_ERROR;
				CLANG_WARN_UNREACHABLE_CODE = YES;
				CLANG_WARN__DUPLICATE_METHOD_MATCH = YES;
				"CODE_SIGN_IDENTITY[sdk=iphoneos*]" = "iPhone Developer";
				COPY_PHASE_STRIP = NO;
				DEBUG_INFORMATION_FORMAT = dwarf;
				ENABLE_STRICT_OBJC_MSGSEND = YES;
				ENABLE_TESTABILITY = YES;
				GCC_C_LANGUAGE_STANDARD = gnu99;
				GCC_DYNAMIC_NO_PIC = NO;
				GCC_NO_COMMON_BLOCKS = YES;
				GCC_OPTIMIZATION_LEVEL = 0;
				GCC_PREPROCESSOR_DEFINITIONS = (
					"DEBUG=1",
					"$(inherited)",
				);
				GCC_WARN_64_TO_32_BIT_CONVERSION = YES;
				GCC_WARN_ABOUT_RETURN_TYPE = YES_ERROR;
				GCC_WARN_UNDECLARED_SELECTOR = YES;
				GCC_WARN_UNINITIALIZED_AUTOS = YES_AGGRESSIVE;
				GCC_WARN_UNUSED_FUNCTION = YES;
				GCC_WARN_UNUSED_VARIABLE = YES;
				IPHONEOS_DEPLOYMENT_TARGET = 9.1;
				MTL_ENABLE_DEBUG_INFO = YES;
				ONLY_ACTIVE_ARCH = YES;
				SDKROOT = iphoneos;
			};
			name = Debug;
		};
		87ED982E1BDB9B130070454A /* Release */ = {
			isa = XCBuildConfiguration;
			buildSettings = {
				ALWAYS_SEARCH_USER_PATHS = NO;
				CLANG_CXX_LANGUAGE_STANDARD = "gnu++0x";
				CLANG_CXX_LIBRARY = "libc++";
				CLANG_ENABLE_MODULES = YES;
				CLANG_ENABLE_OBJC_ARC = YES;
				CLANG_WARN_BOOL_CONVERSION = YES;
				CLANG_WARN_CONSTANT_CONVERSION = YES;
				CLANG_WARN_DIRECT_OBJC_ISA_USAGE = YES_ERROR;
				CLANG_WARN_EMPTY_BODY = YES;
				CLANG_WARN_ENUM_CONVERSION = YES;
				CLANG_WARN_INT_CONVERSION = YES;
				CLANG_WARN_OBJC_ROOT_CLASS = YES_ERROR;
				CLANG_WARN_UNREACHABLE_CODE = YES;
				CLANG_WARN__DUPLICATE_METHOD_MATCH = YES;
				"CODE_SIGN_IDENTITY[sdk=iphoneos*]" = "iPhone Developer";
				COPY_PHASE_STRIP = NO;
				DEBUG_INFORMATION_FORMAT = "dwarf-with-dsym";
				ENABLE_NS_ASSERTIONS = NO;
				ENABLE_STRICT_OBJC_MSGSEND = YES;
				GCC_C_LANGUAGE_STANDARD = gnu99;
				GCC_NO_COMMON_BLOCKS = YES;
				GCC_WARN_64_TO_32_BIT_CONVERSION = YES;
				GCC_WARN_ABOUT_RETURN_TYPE = YES_ERROR;
				GCC_WARN_UNDECLARED_SELECTOR = YES;
				GCC_WARN_UNINITIALIZED_AUTOS = YES_AGGRESSIVE;
				GCC_WARN_UNUSED_FUNCTION = YES;
				GCC_WARN_UNUSED_VARIABLE = YES;
				IPHONEOS_DEPLOYMENT_TARGET = 9.1;
				MTL_ENABLE_DEBUG_INFO = NO;
				SDKROOT = iphoneos;
				VALIDATE_PRODUCT = YES;
			};
			name = Release;
		};
		87ED98301BDB9B130070454A /* Debug */ = {
			isa = XCBuildConfiguration;
			buildSettings = {
				ASSETCATALOG_COMPILER_APPICON_NAME = AppIcon;
				CLANG_ENABLE_MODULES = YES;
				CODE_SIGN_IDENTITY = "iPhone Developer";
				"CODE_SIGN_IDENTITY[sdk=iphoneos*]" = "iPhone Developer";
				ENABLE_BITCODE = NO;
				FRAMEWORK_SEARCH_PATHS = (
					"$(inherited)",
					"$(PROJECT_DIR)",
				);
				INFOPLIST_FILE = songgen/Info.plist;
				LD_RUNPATH_SEARCH_PATHS = "$(inherited) @executable_path/Frameworks";
				OTHER_LDFLAGS = "-ObjC";
				PRODUCT_BUNDLE_IDENTIFIER = com.slackzoomass.songgen;
				PRODUCT_NAME = "$(TARGET_NAME)";
				PROVISIONING_PROFILE = "";
				SWIFT_OBJC_BRIDGING_HEADER = "songgen/songgen-Bridging-Header.h";
				SWIFT_OPTIMIZATION_LEVEL = "-Onone";
			};
			name = Debug;
		};
		87ED98311BDB9B130070454A /* Release */ = {
			isa = XCBuildConfiguration;
			buildSettings = {
				ASSETCATALOG_COMPILER_APPICON_NAME = AppIcon;
				CLANG_ENABLE_MODULES = YES;
				CODE_SIGN_IDENTITY = "iPhone Developer";
				"CODE_SIGN_IDENTITY[sdk=iphoneos*]" = "iPhone Developer";
				ENABLE_BITCODE = NO;
				FRAMEWORK_SEARCH_PATHS = (
					"$(inherited)",
					"$(PROJECT_DIR)",
				);
				INFOPLIST_FILE = songgen/Info.plist;
				LD_RUNPATH_SEARCH_PATHS = "$(inherited) @executable_path/Frameworks";
				OTHER_LDFLAGS = "-ObjC";
				PRODUCT_BUNDLE_IDENTIFIER = com.slackzoomass.songgen;
				PRODUCT_NAME = "$(TARGET_NAME)";
				PROVISIONING_PROFILE = "";
				SWIFT_OBJC_BRIDGING_HEADER = "songgen/songgen-Bridging-Header.h";
			};
			name = Release;
		};
		87ED98331BDB9B130070454A /* Debug */ = {
			isa = XCBuildConfiguration;
			buildSettings = {
				BUNDLE_LOADER = "$(TEST_HOST)";
				INFOPLIST_FILE = songgenTests/Info.plist;
				LD_RUNPATH_SEARCH_PATHS = "$(inherited) @executable_path/Frameworks @loader_path/Frameworks";
				PRODUCT_BUNDLE_IDENTIFIER = com.slackzoomass.songgenTests;
				PRODUCT_NAME = "$(TARGET_NAME)";
				TEST_HOST = "$(BUILT_PRODUCTS_DIR)/songgen.app/songgen";
			};
			name = Debug;
		};
		87ED98341BDB9B130070454A /* Release */ = {
			isa = XCBuildConfiguration;
			buildSettings = {
				BUNDLE_LOADER = "$(TEST_HOST)";
				INFOPLIST_FILE = songgenTests/Info.plist;
				LD_RUNPATH_SEARCH_PATHS = "$(inherited) @executable_path/Frameworks @loader_path/Frameworks";
				PRODUCT_BUNDLE_IDENTIFIER = com.slackzoomass.songgenTests;
				PRODUCT_NAME = "$(TARGET_NAME)";
				TEST_HOST = "$(BUILT_PRODUCTS_DIR)/songgen.app/songgen";
			};
			name = Release;
		};
		87ED98361BDB9B130070454A /* Debug */ = {
			isa = XCBuildConfiguration;
			buildSettings = {
				INFOPLIST_FILE = songgenUITests/Info.plist;
				LD_RUNPATH_SEARCH_PATHS = "$(inherited) @executable_path/Frameworks @loader_path/Frameworks";
				PRODUCT_BUNDLE_IDENTIFIER = com.slackzoomass.songgenUITests;
				PRODUCT_NAME = "$(TARGET_NAME)";
				TEST_TARGET_NAME = songgen;
				USES_XCTRUNNER = YES;
			};
			name = Debug;
		};
		87ED98371BDB9B130070454A /* Release */ = {
			isa = XCBuildConfiguration;
			buildSettings = {
				INFOPLIST_FILE = songgenUITests/Info.plist;
				LD_RUNPATH_SEARCH_PATHS = "$(inherited) @executable_path/Frameworks @loader_path/Frameworks";
				PRODUCT_BUNDLE_IDENTIFIER = com.slackzoomass.songgenUITests;
				PRODUCT_NAME = "$(TARGET_NAME)";
				TEST_TARGET_NAME = songgen;
				USES_XCTRUNNER = YES;
			};
			name = Release;
		};
/* End XCBuildConfiguration section */

/* Begin XCConfigurationList section */
		87ED97FD1BDB9B130070454A /* Build configuration list for PBXProject "songgen" */ = {
			isa = XCConfigurationList;
			buildConfigurations = (
				87ED982D1BDB9B130070454A /* Debug */,
				87ED982E1BDB9B130070454A /* Release */,
			);
			defaultConfigurationIsVisible = 0;
			defaultConfigurationName = Release;
		};
		87ED982F1BDB9B130070454A /* Build configuration list for PBXNativeTarget "songgen" */ = {
			isa = XCConfigurationList;
			buildConfigurations = (
				87ED98301BDB9B130070454A /* Debug */,
				87ED98311BDB9B130070454A /* Release */,
			);
			defaultConfigurationIsVisible = 0;
			defaultConfigurationName = Release;
		};
		87ED98321BDB9B130070454A /* Build configuration list for PBXNativeTarget "songgenTests" */ = {
			isa = XCConfigurationList;
			buildConfigurations = (
				87ED98331BDB9B130070454A /* Debug */,
				87ED98341BDB9B130070454A /* Release */,
			);
			defaultConfigurationIsVisible = 0;
			defaultConfigurationName = Release;
		};
		87ED98351BDB9B130070454A /* Build configuration list for PBXNativeTarget "songgenUITests" */ = {
			isa = XCConfigurationList;
			buildConfigurations = (
				87ED98361BDB9B130070454A /* Debug */,
				87ED98371BDB9B130070454A /* Release */,
			);
			defaultConfigurationIsVisible = 0;
			defaultConfigurationName = Release;
		};
/* End XCConfigurationList section */
	};
	rootObject = 87ED97FA1BDB9B130070454A /* Project object */;
}
